// !$*UTF8*$!
{
	archiveVersion = 1;
	classes = {
	};
	objectVersion = 50;
	objects = {

/* Begin PBXBuildFile section */
		EE7E0D8720D22FE3005879AD /* AppDelegate.swift in Sources */ = {isa = PBXBuildFile; fileRef = EE7E0D8620D22FE3005879AD /* AppDelegate.swift */; };
		EE7E0D8920D22FE3005879AD /* ViewController.swift in Sources */ = {isa = PBXBuildFile; fileRef = EE7E0D8820D22FE3005879AD /* ViewController.swift */; };
		EE7E0D8C20D22FE3005879AD /* Main.storyboard in Resources */ = {isa = PBXBuildFile; fileRef = EE7E0D8A20D22FE3005879AD /* Main.storyboard */; };
		EE7E0D8F20D22FE3005879AD /* coredataTest.xcdatamodeld in Sources */ = {isa = PBXBuildFile; fileRef = EE7E0D8D20D22FE3005879AD /* coredataTest.xcdatamodeld */; };
		EE7E0D9120D22FE5005879AD /* Assets.xcassets in Resources */ = {isa = PBXBuildFile; fileRef = EE7E0D9020D22FE5005879AD /* Assets.xcassets */; };
		EE7E0D9420D22FE5005879AD /* LaunchScreen.storyboard in Resources */ = {isa = PBXBuildFile; fileRef = EE7E0D9220D22FE5005879AD /* LaunchScreen.storyboard */; };
/* End PBXBuildFile section */

/* Begin PBXFileReference section */
		EE7E0D8320D22FE3005879AD /* coredataTest.app */ = {isa = PBXFileReference; explicitFileType = wrapper.application; includeInIndex = 0; path = coredataTest.app; sourceTree = BUILT_PRODUCTS_DIR; };
		EE7E0D8620D22FE3005879AD /* AppDelegate.swift */ = {isa = PBXFileReference; lastKnownFileType = sourcecode.swift; path = AppDelegate.swift; sourceTree = "<group>"; };
		EE7E0D8820D22FE3005879AD /* ViewController.swift */ = {isa = PBXFileReference; lastKnownFileType = sourcecode.swift; path = ViewController.swift; sourceTree = "<group>"; };
		EE7E0D8B20D22FE3005879AD /* Base */ = {isa = PBXFileReference; lastKnownFileType = file.storyboard; name = Base; path = Base.lproj/Main.storyboard; sourceTree = "<group>"; };
		EE7E0D8E20D22FE3005879AD /* coredataTest.xcdatamodel */ = {isa = PBXFileReference; lastKnownFileType = wrapper.xcdatamodel; path = coredataTest.xcdatamodel; sourceTree = "<group>"; };
		EE7E0D9020D22FE5005879AD /* Assets.xcassets */ = {isa = PBXFileReference; lastKnownFileType = folder.assetcatalog; path = Assets.xcassets; sourceTree = "<group>"; };
		EE7E0D9320D22FE5005879AD /* Base */ = {isa = PBXFileReference; lastKnownFileType = file.storyboard; name = Base; path = Base.lproj/LaunchScreen.storyboard; sourceTree = "<group>"; };
		EE7E0D9520D22FE5005879AD /* Info.plist */ = {isa = PBXFileReference; lastKnownFileType = text.plist.xml; path = Info.plist; sourceTree = "<group>"; };
/* End PBXFileReference section */

/* Begin PBXFrameworksBuildPhase section */
		EE7E0D8020D22FE3005879AD /* Frameworks */ = {
			isa = PBXFrameworksBuildPhase;
			buildActionMask = 2147483647;
			files = (
			);
			runOnlyForDeploymentPostprocessing = 0;
		};
/* End PBXFrameworksBuildPhase section */

/* Begin PBXGroup section */
		EE7E0D7A20D22FE3005879AD = {
			isa = PBXGroup;
			children = (
				EE7E0D8520D22FE3005879AD /* coredataTest */,
				EE7E0D8420D22FE3005879AD /* Products */,
			);
			sourceTree = "<group>";
		};
		EE7E0D8420D22FE3005879AD /* Products */ = {
			isa = PBXGroup;
			children = (
				EE7E0D8320D22FE3005879AD /* coredataTest.app */,
			);
			name = Products;
			sourceTree = "<group>";
		};
		EE7E0D8520D22FE3005879AD /* coredataTest */ = {
			isa = PBXGroup;
			children = (
				EE7E0D8620D22FE3005879AD /* AppDelegate.swift */,
				EE7E0D8820D22FE3005879AD /* ViewController.swift */,
				EE7E0D8A20D22FE3005879AD /* Main.storyboard */,
				EE7E0D9020D22FE5005879AD /* Assets.xcassets */,
				EE7E0D9220D22FE5005879AD /* LaunchScreen.storyboard */,
				EE7E0D9520D22FE5005879AD /* Info.plist */,
				EE7E0D8D20D22FE3005879AD /* coredataTest.xcdatamodeld */,
			);
			path = coredataTest;
			sourceTree = "<group>";
		};
/* End PBXGroup section */

/* Begin PBXNativeTarget section */
		EE7E0D8220D22FE3005879AD /* coredataTest */ = {
			isa = PBXNativeTarget;
			buildConfigurationList = EE7E0D9820D22FE5005879AD /* Build configuration list for PBXNativeTarget "coredataTest" */;
			buildPhases = (
				EE7E0D7F20D22FE3005879AD /* Sources */,
				EE7E0D8020D22FE3005879AD /* Frameworks */,
				EE7E0D8120D22FE3005879AD /* Resources */,
			);
			buildRules = (
			);
			dependencies = (
			);
			name = coredataTest;
			productName = coredataTest;
			productReference = EE7E0D8320D22FE3005879AD /* coredataTest.app */;
			productType = "com.apple.product-type.application";
		};
/* End PBXNativeTarget section */

/* Begin PBXProject section */
		EE7E0D7B20D22FE3005879AD /* Project object */ = {
			isa = PBXProject;
			attributes = {
				LastSwiftUpdateCheck = 0930;
				LastUpgradeCheck = 0930;
				ORGANIZATIONNAME = "TOPP Pongsakorn";
				TargetAttributes = {
					EE7E0D8220D22FE3005879AD = {
						CreatedOnToolsVersion = 9.3;
					};
				};
			};
			buildConfigurationList = EE7E0D7E20D22FE3005879AD /* Build configuration list for PBXProject "coredataTest" */;
			compatibilityVersion = "Xcode 9.3";
			developmentRegion = en;
			hasScannedForEncodings = 0;
			knownRegions = (
				en,
				Base,
			);
			mainGroup = EE7E0D7A20D22FE3005879AD;
			productRefGroup = EE7E0D8420D22FE3005879AD /* Products */;
			projectDirPath = "";
			projectRoot = "";
			targets = (
				EE7E0D8220D22FE3005879AD /* coredataTest */,
			);
		};
/* End PBXProject section */

/* Begin PBXResourcesBuildPhase section */
		EE7E0D8120D22FE3005879AD /* Resources */ = {
			isa = PBXResourcesBuildPhase;
			buildActionMask = 2147483647;
			files = (
				EE7E0D9420D22FE5005879AD /* LaunchScreen.storyboard in Resources */,
				EE7E0D9120D22FE5005879AD /* Assets.xcassets in Resources */,
				EE7E0D8C20D22FE3005879AD /* Main.storyboard in Resources */,
			);
			runOnlyForDeploymentPostprocessing = 0;
		};
/* End PBXResourcesBuildPhase section */

/* Begin PBXSourcesBuildPhase section */
		EE7E0D7F20D22FE3005879AD /* Sources */ = {
			isa = PBXSourcesBuildPhase;
			buildActionMask = 2147483647;
			files = (
				EE7E0D8920D22FE3005879AD /* ViewController.swift in Sources */,
				EE7E0D8F20D22FE3005879AD /* coredataTest.xcdatamodeld in Sources */,
				EE7E0D8720D22FE3005879AD /* AppDelegate.swift in Sources */,
			);
			runOnlyForDeploymentPostprocessing = 0;
		};
/* End PBXSourcesBuildPhase section */

/* Begin PBXVariantGroup section */
		EE7E0D8A20D22FE3005879AD /* Main.storyboard */ = {
			isa = PBXVariantGroup;
			children = (
				EE7E0D8B20D22FE3005879AD /* Base */,
			);
			name = Main.storyboard;
			sourceTree = "<group>";
		};
		EE7E0D9220D22FE5005879AD /* LaunchScreen.storyboard */ = {
			isa = PBXVariantGroup;
			children = (
				EE7E0D9320D22FE5005879AD /* Base */,
			);
			name = LaunchScreen.storyboard;
			sourceTree = "<group>";
		};
/* End PBXVariantGroup section */

/* Begin XCBuildConfiguration section */
		EE7E0D9620D22FE5005879AD /* Debug */ = {
			isa = XCBuildConfiguration;
			buildSettings = {
				ALWAYS_SEARCH_USER_PATHS = NO;
				CLANG_ANALYZER_NONNULL = YES;
				CLANG_ANALYZER_NUMBER_OBJECT_CONVERSION = YES_AGGRESSIVE;
				CLANG_CXX_LANGUAGE_STANDARD = "gnu++14";
				CLANG_CXX_LIBRARY = "libc++";
				CLANG_ENABLE_MODULES = YES;
				CLANG_ENABLE_OBJC_ARC = YES;
				CLANG_ENABLE_OBJC_WEAK = YES;
				CLANG_WARN_BLOCK_CAPTURE_AUTORELEASING = YES;
				CLANG_WARN_BOOL_CONVERSION = YES;
				CLANG_WARN_COMMA = YES;
				CLANG_WARN_CONSTANT_CONVERSION = YES;
				CLANG_WARN_DEPRECATED_OBJC_IMPLEMENTATIONS = YES;
				CLANG_WARN_DIRECT_OBJC_ISA_USAGE = YES_ERROR;
				CLANG_WARN_DOCUMENTATION_COMMENTS = YES;
				CLANG_WARN_EMPTY_BODY = YES;
				CLANG_WARN_ENUM_CONVERSION = YES;
				CLANG_WARN_INFINITE_RECURSION = YES;
				CLANG_WARN_INT_CONVERSION = YES;
				CLANG_WARN_NON_LITERAL_NULL_CONVERSION = YES;
				CLANG_WARN_OBJC_IMPLICIT_RETAIN_SELF = YES;
				CLANG_WARN_OBJC_LITERAL_CONVERSION = YES;
				CLANG_WARN_OBJC_ROOT_CLASS = YES_ERROR;
				CLANG_WARN_RANGE_LOOP_ANALYSIS = YES;
				CLANG_WARN_STRICT_PROTOTYPES = YES;
				CLANG_WARN_SUSPICIOUS_MOVE = YES;
				CLANG_WARN_UNGUARDED_AVAILABILITY = YES_AGGRESSIVE;
				CLANG_WARN_UNREACHABLE_CODE = YES;
				CLANG_WARN__DUPLICATE_METHOD_MATCH = YES;
				CODE_SIGN_IDENTITY = "iPhone Developer";
				COPY_PHASE_STRIP = NO;
				DEBUG_INFORMATION_FORMAT = dwarf;
				ENABLE_STRICT_OBJC_MSGSEND = YES;
				ENABLE_TESTABILITY = YES;
				GCC_C_LANGUAGE_STANDARD = gnu11;
				GCC_DYNAMIC_NO_PIC = NO;
				GCC_NO_COMMON_BLOCKS = YES;
				GCC_OPTIMIZATION_LEVEL = 0;
				GCC_PREPROCESSOR_DEFINITIONS = (
					"DEBUG=1",
					"$(inherited)",
				);
				GCC_WARN_64_TO_32_BIT_CONVERSION = YES;
				GCC_WARN_ABOUT_RETURN_TYPE = YES_ERROR;
				GCC_WARN_UNDECLARED_SELECTOR = YES;
				GCC_WARN_UNINITIALIZED_AUTOS = YES_AGGRESSIVE;
				GCC_WARN_UNUSED_FUNCTION = YES;
				GCC_WARN_UNUSED_VARIABLE = YES;
				IPHONEOS_DEPLOYMENT_TARGET = 11.3;
				MTL_ENABLE_DEBUG_INFO = YES;
				ONLY_ACTIVE_ARCH = YES;
				SDKROOT = iphoneos;
				SWIFT_ACTIVE_COMPILATION_CONDITIONS = DEBUG;
				SWIFT_OPTIMIZATION_LEVEL = "-Onone";
			};
			name = Debug;
		};
		EE7E0D9720D22FE5005879AD /* Release */ = {
			isa = XCBuildConfiguration;
			buildSettings = {
				ALWAYS_SEARCH_USER_PATHS = NO;
				CLANG_ANALYZER_NONNULL = YES;
				CLANG_ANALYZER_NUMBER_OBJECT_CONVERSION = YES_AGGRESSIVE;
				CLANG_CXX_LANGUAGE_STANDARD = "gnu++14";
				CLANG_CXX_LIBRARY = "libc++";
				CLANG_ENABLE_MODULES = YES;
				CLANG_ENABLE_OBJC_ARC = YES;
				CLANG_ENABLE_OBJC_WEAK = YES;
				CLANG_WARN_BLOCK_CAPTURE_AUTORELEASING = YES;
				CLANG_WARN_BOOL_CONVERSION = YES;
				CLANG_WARN_COMMA = YES;
				CLANG_WARN_CONSTANT_CONVERSION = YES;
				CLANG_WARN_DEPRECATED_OBJC_IMPLEMENTATIONS = YES;
				CLANG_WARN_DIRECT_OBJC_ISA_USAGE = YES_ERROR;
				CLANG_WARN_DOCUMENTATION_COMMENTS = YES;
				CLANG_WARN_EMPTY_BODY = YES;
				CLANG_WARN_ENUM_CONVERSION = YES;
				CLANG_WARN_INFINITE_RECURSION = YES;
				CLANG_WARN_INT_CONVERSION = YES;
				CLANG_WARN_NON_LITERAL_NULL_CONVERSION = YES;
				CLANG_WARN_OBJC_IMPLICIT_RETAIN_SELF = YES;
				CLANG_WARN_OBJC_LITERAL_CONVERSION = YES;
				CLANG_WARN_OBJC_ROOT_CLASS = YES_ERROR;
				CLANG_WARN_RANGE_LOOP_ANALYSIS = YES;
				CLANG_WARN_STRICT_PROTOTYPES = YES;
				CLANG_WARN_SUSPICIOUS_MOVE = YES;
				CLANG_WARN_UNGUARDED_AVAILABILITY = YES_AGGRESSIVE;
				CLANG_WARN_UNREACHABLE_CODE = YES;
				CLANG_WARN__DUPLICATE_METHOD_MATCH = YES;
				CODE_SIGN_IDENTITY = "iPhone Developer";
				COPY_PHASE_STRIP = NO;
				DEBUG_INFORMATION_FORMAT = "dwarf-with-dsym";
				ENABLE_NS_ASSERTIONS = NO;
				ENABLE_STRICT_OBJC_MSGSEND = YES;
				GCC_C_LANGUAGE_STANDARD = gnu11;
				GCC_NO_COMMON_BLOCKS = YES;
				GCC_WARN_64_TO_32_BIT_CONVERSION = YES;
				GCC_WARN_ABOUT_RETURN_TYPE = YES_ERROR;
				GCC_WARN_UNDECLARED_SELECTOR = YES;
				GCC_WARN_UNINITIALIZED_AUTOS = YES_AGGRESSIVE;
				GCC_WARN_UNUSED_FUNCTION = YES;
				GCC_WARN_UNUSED_VARIABLE = YES;
				IPHONEOS_DEPLOYMENT_TARGET = 11.3;
				MTL_ENABLE_DEBUG_INFO = NO;
				SDKROOT = iphoneos;
				SWIFT_COMPILATION_MODE = wholemodule;
				SWIFT_OPTIMIZATION_LEVEL = "-O";
				VALIDATE_PRODUCT = YES;
			};
			name = Release;
		};
		EE7E0D9920D22FE5005879AD /* Debug */ = {
			isa = XCBuildConfiguration;
			buildSettings = {
				ASSETCATALOG_COMPILER_APPICON_NAME = AppIcon;
				CODE_SIGN_STYLE = Automatic;
				DEVELOPMENT_TEAM = KUZ8V2LA6L;
				INFOPLIST_FILE = coredataTest/Info.plist;
				LD_RUNPATH_SEARCH_PATHS = (
					"$(inherited)",
					"@executable_path/Frameworks",
				);
				PRODUCT_BUNDLE_IDENTIFIER = com.Topp.cs193.coredataTest;
				PRODUCT_NAME = "$(TARGET_NAME)";
				SWIFT_VERSION = 4.0;
				TARGETED_DEVICE_FAMILY = "1,2";
			};
			name = Debug;
		};
		EE7E0D9A20D22FE5005879AD /* Release */ = {
			isa = XCBuildConfiguration;
			buildSettings = {
				ASSETCATALOG_COMPILER_APPICON_NAME = AppIcon;
				CODE_SIGN_STYLE = Automatic;
				DEVELOPMENT_TEAM = KUZ8V2LA6L;
				INFOPLIST_FILE = coredataTest/Info.plist;
				LD_RUNPATH_SEARCH_PATHS = (
					"$(inherited)",
					"@executable_path/Frameworks",
				);
				PRODUCT_BUNDLE_IDENTIFIER = com.Topp.cs193.coredataTest;
				PRODUCT_NAME = "$(TARGET_NAME)";
				SWIFT_VERSION = 4.0;
				TARGETED_DEVICE_FAMILY = "1,2";
			};
			name = Release;
		};
/* End XCBuildConfiguration section */

/* Begin XCConfigurationList section */
		EE7E0D7E20D22FE3005879AD /* Build configuration list for PBXProject "coredataTest" */ = {
			isa = XCConfigurationList;
			buildConfigurations = (
				EE7E0D9620D22FE5005879AD /* Debug */,
				EE7E0D9720D22FE5005879AD /* Release */,
			);
			defaultConfigurationIsVisible = 0;
			defaultConfigurationName = Release;
		};
		EE7E0D9820D22FE5005879AD /* Build configuration list for PBXNativeTarget "coredataTest" */ = {
			isa = XCConfigurationList;
			buildConfigurations = (
				EE7E0D9920D22FE5005879AD /* Debug */,
				EE7E0D9A20D22FE5005879AD /* Release */,
			);
			defaultConfigurationIsVisible = 0;
			defaultConfigurationName = Release;
		};
/* End XCConfigurationList section */

/* Begin XCVersionGroup section */
		EE7E0D8D20D22FE3005879AD /* coredataTest.xcdatamodeld */ = {
			isa = XCVersionGroup;
			children = (
				EE7E0D8E20D22FE3005879AD /* coredataTest.xcdatamodel */,
			);
			currentVersion = EE7E0D8E20D22FE3005879AD /* coredataTest.xcdatamodel */;
			path = coredataTest.xcdatamodeld;
			sourceTree = "<group>";
			versionGroupType = wrapper.xcdatamodel;
		};
/* End XCVersionGroup section */
	};
	rootObject = EE7E0D7B20D22FE3005879AD /* Project object */;
}
